{
  "name": "assemblyscript-demo",
  "version": "1.0.0",
  "lockfileVersion": 2,
  "requires": true,
  "packages": {
    "": {
      "name": "assemblyscript-demo",
      "version": "1.0.0",
      "license": "ISC",
      "dependencies": {
        "@assemblyscript/loader": "^0.27.25",
        "assemblyscript": "^0.27.25",
        "typescript": "^5.4.3",
        "wasm2js": "^0.2.0"
      },
      "devDependencies": {
        "@types/webrtc": "^0.0.42"
      }
    },
    "node_modules/@assemblyscript/loader": {
      "version": "0.27.25",
      "resolved": "https://verdaccio.advai.net/@assemblyscript/loader/-/loader-0.27.25.tgz",
      "integrity": "sha512-o5D5trJEmUS6ghwLLol8PgFeA2z0A/5pgSqahQQiiG/nf4MuFlw6V7ftD9ucaiuy7cc/Bi/zLPjjCdG4/SeyIw=="
    },
    "node_modules/@types/webrtc": {
      "version": "0.0.42",
      "resolved": "https://verdaccio.advai.net/@types/webrtc/-/webrtc-0.0.42.tgz",
      "integrity": "sha512-YyrG3yzw/JvZs0q3f9SY+AiJr0FJw1qhBjvoQJEUy07udiyakAax2A87BHpB3qnaxsm2ExCvhyUvjTxdsn+qSw==",
      "dev": true
    },
    "node_modules/assemblyscript": {
      "version": "0.27.25",
      "resolved": "https://registry.npmjs.org/assemblyscript/-/assemblyscript-0.27.25.tgz",
      "integrity": "sha512-hkx6Vz+EFVA2hqFfnTWfO14892scFIkJzdXyqfXUoBS76cLbar0PFJQ7yZuL9m/i5xpjFk9Bz2094uHLh7W5UA==",
      "dependencies": {
        "binaryen": "116.0.0-nightly.20240114",
        "long": "^5.2.1"
      },
      "bin": {
        "asc": "bin/asc.js",
        "asinit": "bin/asinit.js"
      },
      "engines": {
        "node": ">=16",
        "npm": ">=7"
      },
      "funding": {
        "type": "opencollective",
        "url": "https://opencollective.com/assemblyscript"
      }
    },
    "node_modules/binaryen": {
      "version": "116.0.0-nightly.20240114",
      "resolved": "https://registry.npmjs.org/binaryen/-/binaryen-116.0.0-nightly.20240114.tgz",
      "integrity": "sha512-0GZrojJnuhoe+hiwji7QFaL3tBlJoA+KFUN7ouYSDGZLSo9CKM8swQX8n/UcbR0d1VuZKU+nhogNzv423JEu5A==",
      "bin": {
        "wasm-opt": "bin/wasm-opt",
        "wasm2js": "bin/wasm2js"
      }
    },
    "node_modules/long": {
      "version": "5.2.3",
      "resolved": "https://registry.npmjs.org/long/-/long-5.2.3.tgz",
      "integrity": "sha512-lcHwpNoggQTObv5apGNCTdJrO69eHOZMi4BNC+rTLER8iHAqGrUVeLh/irVIM7zTw2bOXA8T6uNPeujwOLg/2Q=="
    },
    "node_modules/minimist": {
      "version": "1.2.8",
      "resolved": "https://verdaccio.advai.net/minimist/-/minimist-1.2.8.tgz",
      "integrity": "sha512-2yyAR8qBkN3YuheJanUpWC5U3bb5osDywNB8RzDVlDwDHbocAJveqqj1u8+SVD7jkWT4yvsHCpWqqWqAxb0zCA==",
      "funding": {
        "url": "https://github.com/sponsors/ljharb"
      }
    },
    "node_modules/typescript": {
      "version": "5.4.3",
      "resolved": "https://verdaccio.advai.net/typescript/-/typescript-5.4.3.tgz",
      "integrity": "sha512-KrPd3PKaCLr78MalgiwJnA25Nm8HAmdwN3mYUYZgG/wizIo9EainNVQI9/yDavtVFRN2h3k8uf3GLHuhDMgEHg==",
      "bin": {
        "tsc": "bin/tsc",
        "tsserver": "bin/tsserver"
      },
      "engines": {
        "node": ">=14.17"
      }
    },
    "node_modules/wasm2js": {
      "version": "0.2.0",
      "resolved": "https://verdaccio.advai.net/wasm2js/-/wasm2js-0.2.0.tgz",
      "integrity": "sha512-nQVER3bUF9mMdQxtUZS1rW7r3goy6+TZz+FqmILJLrPRASn/2K15yc1lNWyYLh9A/TkD+l7c22aMcpTCLr+ApA==",
      "dependencies": {
        "minimist": "~1.2.0"
      },
      "bin": {
        "wasm2js": "bin/wasm2js"
      }
    }
  },
  "dependencies": {
    "@assemblyscript/loader": {
      "version": "0.27.25",
      "resolved": "https://verdaccio.advai.net/@assemblyscript/loader/-/loader-0.27.25.tgz",
      "integrity": "sha512-o5D5trJEmUS6ghwLLol8PgFeA2z0A/5pgSqahQQiiG/nf4MuFlw6V7ftD9ucaiuy7cc/Bi/zLPjjCdG4/SeyIw=="
    },
    "@types/webrtc": {
      "version": "0.0.42",
      "resolved": "https://verdaccio.advai.net/@types/webrtc/-/webrtc-0.0.42.tgz",
      "integrity": "sha512-YyrG3yzw/JvZs0q3f9SY+AiJr0FJw1qhBjvoQJEUy07udiyakAax2A87BHpB3qnaxsm2ExCvhyUvjTxdsn+qSw==",
      "dev": true
    },
    "assemblyscript": {
      "version": "0.27.25",
      "resolved": "https://registry.npmjs.org/assemblyscript/-/assemblyscript-0.27.25.tgz",
      "integrity": "sha512-hkx6Vz+EFVA2hqFfnTWfO14892scFIkJzdXyqfXUoBS76cLbar0PFJQ7yZuL9m/i5xpjFk9Bz2094uHLh7W5UA==",
      "requires": {
        "binaryen": "116.0.0-nightly.20240114",
        "long": "^5.2.1"
      }
    },
    "binaryen": {
      "version": "116.0.0-nightly.20240114",
      "resolved": "https://registry.npmjs.org/binaryen/-/binaryen-116.0.0-nightly.20240114.tgz",
      "integrity": "sha512-0GZrojJnuhoe+hiwji7QFaL3tBlJoA+KFUN7ouYSDGZLSo9CKM8swQX8n/UcbR0d1VuZKU+nhogNzv423JEu5A=="
    },
    "long": {
      "version": "5.2.3",
      "resolved": "https://registry.npmjs.org/long/-/long-5.2.3.tgz",
      "integrity": "sha512-lcHwpNoggQTObv5apGNCTdJrO69eHOZMi4BNC+rTLER8iHAqGrUVeLh/irVIM7zTw2bOXA8T6uNPeujwOLg/2Q=="
    },
    "minimist": {
      "version": "1.2.8",
      "resolved": "https://verdaccio.advai.net/minimist/-/minimist-1.2.8.tgz",
      "integrity": "sha512-2yyAR8qBkN3YuheJanUpWC5U3bb5osDywNB8RzDVlDwDHbocAJveqqj1u8+SVD7jkWT4yvsHCpWqqWqAxb0zCA=="
    },
    "typescript": {
      "version": "5.4.3",
      "resolved": "https://verdaccio.advai.net/typescript/-/typescript-5.4.3.tgz",
      "integrity": "sha512-KrPd3PKaCLr78MalgiwJnA25Nm8HAmdwN3mYUYZgG/wizIo9EainNVQI9/yDavtVFRN2h3k8uf3GLHuhDMgEHg=="
    },
    "wasm2js": {
      "version": "0.2.0",
      "resolved": "https://verdaccio.advai.net/wasm2js/-/wasm2js-0.2.0.tgz",
      "integrity": "sha512-nQVER3bUF9mMdQxtUZS1rW7r3goy6+TZz+FqmILJLrPRASn/2K15yc1lNWyYLh9A/TkD+l7c22aMcpTCLr+ApA==",
      "requires": {
        "minimist": "~1.2.0"
      }
    }
  }
}
